Microsoft Visual Studio Solution File, Format Version 8.00
Project("{FAE04EC0-301F-11D3-BF4B-00C04F79EFBC}") = "Test", "Test.csproj", "{D46A195F-57F5-403B-B321-2206BA0BE9FC}"
	ProjectSection(ProjectDependencies) = postProject
	EndProjectSection
EndProject
Global
	GlobalSection(SolutionConfiguration) = preSolution
		Debug = Debug
		Release = Release
	EndGlobalSection
	GlobalSection(ProjectConfiguration) = postSolution
		{D46A195F-57F5-403B-B321-2206BA0BE9FC}.Debug.ActiveCfg = Debug|.NET
		{D46A195F-57F5-403B-B321-2206BA0BE9FC}.Debug.Build.0 = Debug|.NET
		{D46A195F-57F5-403B-B321-2206BA0BE9FC}.Release.ActiveCfg = Release|.NET
		{D46A195F-57F5-403B-B321-2206BA0BE9FC}.Release.Build.0 = Release|.NET
	EndGlobalSection
	GlobalSection(ExtensibilityGlobals) = postSolution
	EndGlobalSection
	GlobalSection(ExtensibilityAddIns) = postSolution
	EndGlobalSection
EndGlobal
