Microsoft Visual Studio Solution File, Format Version 8.00
Project("{FAE04EC0-301F-11D3-BF4B-00C04F79EFBC}") = "XL", "XL.csproj", "{E9702745-BC3D-4B60-A255-92A90188128A}"
	ProjectSection(ProjectDependencies) = postProject
		{5FD8D47C-9613-439F-AA86-355209E5E1D8} = {5FD8D47C-9613-439F-AA86-355209E5E1D8}
	EndProjectSection
EndProject
Project("{8BC9CEB8-8B4A-11D0-8D11-00A0C91BC942}") = "Grammar", "Grammar\Grammar.vcproj", "{5FD8D47C-9613-439F-AA86-355209E5E1D8}"
	ProjectSection(ProjectDependencies) = postProject
	EndProjectSection
EndProject
Project("{FAE04EC0-301F-11D3-BF4B-00C04F79EFBC}") = "XLR", "XLR\XLR.csproj", "{7454FD5D-78B5-48D5-8124-B48975EDC5FB}"
	ProjectSection(ProjectDependencies) = postProject
	EndProjectSection
EndProject
Global
	GlobalSection(SolutionConfiguration) = preSolution
		Debug = Debug
		Release = Release
	EndGlobalSection
	GlobalSection(ProjectConfiguration) = postSolution
		{E9702745-BC3D-4B60-A255-92A90188128A}.Debug.ActiveCfg = Debug|.NET
		{E9702745-BC3D-4B60-A255-92A90188128A}.Debug.Build.0 = Debug|.NET
		{E9702745-BC3D-4B60-A255-92A90188128A}.Release.ActiveCfg = Release|.NET
		{E9702745-BC3D-4B60-A255-92A90188128A}.Release.Build.0 = Release|.NET
		{5FD8D47C-9613-439F-AA86-355209E5E1D8}.Debug.ActiveCfg = Debug|Win32
		{5FD8D47C-9613-439F-AA86-355209E5E1D8}.Debug.Build.0 = Debug|Win32
		{5FD8D47C-9613-439F-AA86-355209E5E1D8}.Release.ActiveCfg = Release|Win32
		{5FD8D47C-9613-439F-AA86-355209E5E1D8}.Release.Build.0 = Release|Win32
		{7454FD5D-78B5-48D5-8124-B48975EDC5FB}.Debug.ActiveCfg = Debug|.NET
		{7454FD5D-78B5-48D5-8124-B48975EDC5FB}.Debug.Build.0 = Debug|.NET
		{7454FD5D-78B5-48D5-8124-B48975EDC5FB}.Release.ActiveCfg = Release|.NET
		{7454FD5D-78B5-48D5-8124-B48975EDC5FB}.Release.Build.0 = Release|.NET
	EndGlobalSection
	GlobalSection(ExtensibilityGlobals) = postSolution
	EndGlobalSection
	GlobalSection(ExtensibilityAddIns) = postSolution
	EndGlobalSection
EndGlobal
